
Microsoft Visual Studio Solution File, Format Version 12.00
# Visual Studio Version 17
VisualStudioVersion = 17.10.35013.160
MinimumVisualStudioVersion = 10.0.40219.1
Project("{FAE04EC0-301F-11D3-BF4B-00C04F79EFBC}") = "csSymmetricEncryption", "csSymmetricEncryption\csSymmetricEncryption.csproj", "{5C8E8F3F-900B-45DC-BD98-ADC9C49131CA}"
EndProject
Global
	GlobalSection(SolutionConfigurationPlatforms) = preSolution
		Debug|Any CPU = Debug|Any CPU
		Release|Any CPU = Release|Any CPU
	EndGlobalSection
	GlobalSection(ProjectConfigurationPlatforms) = postSolution
		{5C8E8F3F-900B-45DC-BD98-ADC9C49131CA}.Debug|Any CPU.ActiveCfg = Debug|Any CPU
		{5C8E8F3F-900B-45DC-BD98-ADC9C49131CA}.Debug|Any CPU.Build.0 = Debug|Any CPU
		{5C8E8F3F-900B-45DC-BD98-ADC9C49131CA}.Release|Any CPU.ActiveCfg = Release|Any CPU
		{5C8E8F3F-900B-45DC-BD98-ADC9C49131CA}.Release|Any CPU.Build.0 = Release|Any CPU
	EndGlobalSection
	GlobalSection(SolutionProperties) = preSolution
		HideSolutionNode = FALSE
	EndGlobalSection
	GlobalSection(ExtensibilityGlobals) = postSolution
		SolutionGuid = {EAEB3B96-A323-478A-956B-58F0B45F63E1}
	EndGlobalSection
EndGlobal
