
Microsoft Visual Studio Solution File, Format Version 12.00
# Visual Studio Version 17
VisualStudioVersion = 17.10.35013.160
MinimumVisualStudioVersion = 10.0.40219.1
Project("{FAE04EC0-301F-11D3-BF4B-00C04F79EFBC}") = "csAlwaysNewThread", "csAlwaysNewThread\csAlwaysNewThread.csproj", "{0B2C197C-0DFD-4916-A785-03AF0EC7DF59}"
EndProject
Global
	GlobalSection(SolutionConfigurationPlatforms) = preSolution
		Debug|Any CPU = Debug|Any CPU
		Release|Any CPU = Release|Any CPU
	EndGlobalSection
	GlobalSection(ProjectConfigurationPlatforms) = postSolution
		{0B2C197C-0DFD-4916-A785-03AF0EC7DF59}.Debug|Any CPU.ActiveCfg = Debug|Any CPU
		{0B2C197C-0DFD-4916-A785-03AF0EC7DF59}.Debug|Any CPU.Build.0 = Debug|Any CPU
		{0B2C197C-0DFD-4916-A785-03AF0EC7DF59}.Release|Any CPU.ActiveCfg = Release|Any CPU
		{0B2C197C-0DFD-4916-A785-03AF0EC7DF59}.Release|Any CPU.Build.0 = Release|Any CPU
	EndGlobalSection
	GlobalSection(SolutionProperties) = preSolution
		HideSolutionNode = FALSE
	EndGlobalSection
	GlobalSection(ExtensibilityGlobals) = postSolution
		SolutionGuid = {4D104023-3156-4270-BEBA-C6632144FDC4}
	EndGlobalSection
EndGlobal
