
Microsoft Visual Studio Solution File, Format Version 12.00
# Visual Studio Version 17
VisualStudioVersion = 17.9.34607.119
MinimumVisualStudioVersion = 10.0.40219.1
Project("{FAE04EC0-301F-11D3-BF4B-00C04F79EFBC}") = "csElasticsearchNestChangeSetting", "csElasticsearchNestChangeSetting\csElasticsearchNestChangeSetting.csproj", "{2E7548F6-71AC-4BAF-AB2B-0A562055594D}"
EndProject
Global
	GlobalSection(SolutionConfigurationPlatforms) = preSolution
		Debug|Any CPU = Debug|Any CPU
		Release|Any CPU = Release|Any CPU
	EndGlobalSection
	GlobalSection(ProjectConfigurationPlatforms) = postSolution
		{2E7548F6-71AC-4BAF-AB2B-0A562055594D}.Debug|Any CPU.ActiveCfg = Debug|Any CPU
		{2E7548F6-71AC-4BAF-AB2B-0A562055594D}.Debug|Any CPU.Build.0 = Debug|Any CPU
		{2E7548F6-71AC-4BAF-AB2B-0A562055594D}.Release|Any CPU.ActiveCfg = Release|Any CPU
		{2E7548F6-71AC-4BAF-AB2B-0A562055594D}.Release|Any CPU.Build.0 = Release|Any CPU
	EndGlobalSection
	GlobalSection(SolutionProperties) = preSolution
		HideSolutionNode = FALSE
	EndGlobalSection
	GlobalSection(ExtensibilityGlobals) = postSolution
		SolutionGuid = {E4CDC041-1453-437C-9561-8DE5D8EE65A4}
	EndGlobalSection
EndGlobal
