
Microsoft Visual Studio Solution File, Format Version 12.00
# Visual Studio Version 17
VisualStudioVersion = 17.10.35013.160
MinimumVisualStudioVersion = 10.0.40219.1
Project("{FAE04EC0-301F-11D3-BF4B-00C04F79EFBC}") = "csAzureAIOpenAIHelper", "csAzureAIOpenAIHelper\csAzureAIOpenAIHelper.csproj", "{28D7C9A3-DCBC-4976-ACD5-2BE79CAC8115}"
EndProject
Global
	GlobalSection(SolutionConfigurationPlatforms) = preSolution
		Debug|Any CPU = Debug|Any CPU
		Release|Any CPU = Release|Any CPU
	EndGlobalSection
	GlobalSection(ProjectConfigurationPlatforms) = postSolution
		{28D7C9A3-DCBC-4976-ACD5-2BE79CAC8115}.Debug|Any CPU.ActiveCfg = Debug|Any CPU
		{28D7C9A3-DCBC-4976-ACD5-2BE79CAC8115}.Debug|Any CPU.Build.0 = Debug|Any CPU
		{28D7C9A3-DCBC-4976-ACD5-2BE79CAC8115}.Release|Any CPU.ActiveCfg = Release|Any CPU
		{28D7C9A3-DCBC-4976-ACD5-2BE79CAC8115}.Release|Any CPU.Build.0 = Release|Any CPU
	EndGlobalSection
	GlobalSection(SolutionProperties) = preSolution
		HideSolutionNode = FALSE
	EndGlobalSection
	GlobalSection(ExtensibilityGlobals) = postSolution
		SolutionGuid = {35E5962E-624D-4E81-AC8F-2C1FBD84705B}
	EndGlobalSection
EndGlobal
