
Microsoft Visual Studio Solution File, Format Version 12.00
# Visual Studio Version 17
VisualStudioVersion = 17.11.35327.3
MinimumVisualStudioVersion = 10.0.40219.1
Project("{FAE04EC0-301F-11D3-BF4B-00C04F79EFBC}") = "csRAG", "csRAG\csRAG.csproj", "{191B9484-3970-4181-B82A-B89355534179}"
EndProject
Global
	GlobalSection(SolutionConfigurationPlatforms) = preSolution
		Debug|Any CPU = Debug|Any CPU
		Release|Any CPU = Release|Any CPU
	EndGlobalSection
	GlobalSection(ProjectConfigurationPlatforms) = postSolution
		{191B9484-3970-4181-B82A-B89355534179}.Debug|Any CPU.ActiveCfg = Debug|Any CPU
		{191B9484-3970-4181-B82A-B89355534179}.Debug|Any CPU.Build.0 = Debug|Any CPU
		{191B9484-3970-4181-B82A-B89355534179}.Release|Any CPU.ActiveCfg = Release|Any CPU
		{191B9484-3970-4181-B82A-B89355534179}.Release|Any CPU.Build.0 = Release|Any CPU
	EndGlobalSection
	GlobalSection(SolutionProperties) = preSolution
		HideSolutionNode = FALSE
	EndGlobalSection
	GlobalSection(ExtensibilityGlobals) = postSolution
		SolutionGuid = {4368F366-1F2B-4B5B-ACB8-DF18225783CA}
	EndGlobalSection
EndGlobal
