
Microsoft Visual Studio Solution File, Format Version 12.00
# Visual Studio Version 17
VisualStudioVersion = 17.11.35312.102
MinimumVisualStudioVersion = 10.0.40219.1
Project("{FAE04EC0-301F-11D3-BF4B-00C04F79EFBC}") = "csEmbeddings", "csEmbeddings\csEmbeddings.csproj", "{BA851EF3-DF09-4E3D-834B-3CF25E5489B0}"
EndProject
Global
	GlobalSection(SolutionConfigurationPlatforms) = preSolution
		Debug|Any CPU = Debug|Any CPU
		Release|Any CPU = Release|Any CPU
	EndGlobalSection
	GlobalSection(ProjectConfigurationPlatforms) = postSolution
		{BA851EF3-DF09-4E3D-834B-3CF25E5489B0}.Debug|Any CPU.ActiveCfg = Debug|Any CPU
		{BA851EF3-DF09-4E3D-834B-3CF25E5489B0}.Debug|Any CPU.Build.0 = Debug|Any CPU
		{BA851EF3-DF09-4E3D-834B-3CF25E5489B0}.Release|Any CPU.ActiveCfg = Release|Any CPU
		{BA851EF3-DF09-4E3D-834B-3CF25E5489B0}.Release|Any CPU.Build.0 = Release|Any CPU
	EndGlobalSection
	GlobalSection(SolutionProperties) = preSolution
		HideSolutionNode = FALSE
	EndGlobalSection
	GlobalSection(ExtensibilityGlobals) = postSolution
		SolutionGuid = {CF690DF1-4EFC-45D6-A372-AC61AC3E8967}
	EndGlobalSection
EndGlobal
