Microsoft Visual Studio Solution File, Format Version 12.00
# Visual Studio Version 17
VisualStudioVersion = 17.5.2.0
MinimumVisualStudioVersion = 10.0.40219.1
Project("{FAE04EC0-301F-11D3-BF4B-00C04F79EFBC}") = "csRAG", "csRAG.csproj", "{76B5D3E4-788E-851D-0EEF-CBA5FF8D358C}"
EndProject
Global
	GlobalSection(SolutionConfigurationPlatforms) = preSolution
		Debug|Any CPU = Debug|Any CPU
		Release|Any CPU = Release|Any CPU
	EndGlobalSection
	GlobalSection(ProjectConfigurationPlatforms) = postSolution
		{76B5D3E4-788E-851D-0EEF-CBA5FF8D358C}.Debug|Any CPU.ActiveCfg = Debug|Any CPU
		{76B5D3E4-788E-851D-0EEF-CBA5FF8D358C}.Debug|Any CPU.Build.0 = Debug|Any CPU
		{76B5D3E4-788E-851D-0EEF-CBA5FF8D358C}.Release|Any CPU.ActiveCfg = Release|Any CPU
		{76B5D3E4-788E-851D-0EEF-CBA5FF8D358C}.Release|Any CPU.Build.0 = Release|Any CPU
	EndGlobalSection
	GlobalSection(SolutionProperties) = preSolution
		HideSolutionNode = FALSE
	EndGlobalSection
	GlobalSection(ExtensibilityGlobals) = postSolution
		SolutionGuid = {0A27FDA2-9B1F-4E95-AA44-7B333D82F08D}
	EndGlobalSection
EndGlobal
