
Microsoft Visual Studio Solution File, Format Version 12.00
# Visual Studio Version 17
VisualStudioVersion = 17.10.35122.118
MinimumVisualStudioVersion = 10.0.40219.1
Project("{FAE04EC0-301F-11D3-BF4B-00C04F79EFBC}") = "csJsonMerge", "csJsonMerge\csJsonMerge.csproj", "{7DF954FC-0935-41B5-9C9F-DEF9943A2550}"
EndProject
Global
	GlobalSection(SolutionConfigurationPlatforms) = preSolution
		Debug|Any CPU = Debug|Any CPU
		Release|Any CPU = Release|Any CPU
	EndGlobalSection
	GlobalSection(ProjectConfigurationPlatforms) = postSolution
		{7DF954FC-0935-41B5-9C9F-DEF9943A2550}.Debug|Any CPU.ActiveCfg = Debug|Any CPU
		{7DF954FC-0935-41B5-9C9F-DEF9943A2550}.Debug|Any CPU.Build.0 = Debug|Any CPU
		{7DF954FC-0935-41B5-9C9F-DEF9943A2550}.Release|Any CPU.ActiveCfg = Release|Any CPU
		{7DF954FC-0935-41B5-9C9F-DEF9943A2550}.Release|Any CPU.Build.0 = Release|Any CPU
	EndGlobalSection
	GlobalSection(SolutionProperties) = preSolution
		HideSolutionNode = FALSE
	EndGlobalSection
	GlobalSection(ExtensibilityGlobals) = postSolution
		SolutionGuid = {577342B3-7B6E-425E-9258-440249F106FB}
	EndGlobalSection
EndGlobal
